name: Update flake.lock

on:
  schedule:
    # Mondays, 04:00 UTC.
    - cron: "0 4 * * 1"
  workflow_dispatch:

permissions:
  contents: write
  pull-requests: write

jobs:
  update:
    runs-on: ubuntu-latest
    timeout-minutes: 45

    steps:
      - uses: actions/checkout@v7

      - uses: cachix/install-nix-action@v31

      - name: Update the lockfile
        run: nix flake update

      # Pull requests opened with GITHUB_TOKEN do not trigger other
      # workflows, so the repo's own CI does not run on this PR unless a
      # PAT is configured below. The update is checked here instead — an
      # unverified dependency bump is most of what this exists to catch.
      - name: Validate flake outputs
        run: nix flake check

      - uses: peter-evans/create-pull-request@v8
        with:
          branch: update-flake-lock
          title: "chore: update flake.lock"
          commit-message: "chore: update flake.lock"
          labels: dependencies
          body: |
            Scheduled `nix flake update`. `nix flake check` passed on the
            runner before this PR was opened.
          # A PAT with `repo` scope as GH_TOKEN_FOR_UPDATES gets the
          # repo's full CI running on these PRs. Without it the PR still
          # opens — provided "Allow GitHub Actions to create and approve
          # pull requests" is enabled in the repository settings — and
          # carries only the check above.
          token: ${{ secrets.GH_TOKEN_FOR_UPDATES || secrets.GITHUB_TOKEN }}
